
Microsoft Visual Studio Solution File, Format Version 12.00
# Visual Studio Version 16
VisualStudioVersion = 16.0.31613.86
MinimumVisualStudioVersion = 10.0.40219.1
Project("{FAE04EC0-301F-11D3-BF4B-00C04F79EFBC}") = "DataAccess", "DataAccess\DataAccess.csproj", "{2BE51443-5F6E-4DC8-9E21-A77E3E276599}"
EndProject
Project("{FAE04EC0-301F-11D3-BF4B-00C04F79EFBC}") = "Business", "Business\Business.csproj", "{FC01078D-2F7A-4962-973D-06D8DD4A8D42}"
EndProject
Project("{FAE04EC0-301F-11D3-BF4B-00C04F79EFBC}") = "Entities", "Entities\Entities.csproj", "{575695BA-F751-472E-82AC-FDEF66BAD441}"
EndProject
Project("{FAE04EC0-301F-11D3-BF4B-00C04F79EFBC}") = "ConsoleUI", "ConsoleUI\ConsoleUI.csproj", "{4370EF7E-DB85-4933-BF00-F023BD4E978C}"
EndProject
Global
	GlobalSection(SolutionConfigurationPlatforms) = preSolution
		Debug|Any CPU = Debug|Any CPU
		Release|Any CPU = Release|Any CPU
	EndGlobalSection
	GlobalSection(ProjectConfigurationPlatforms) = postSolution
		{2BE51443-5F6E-4DC8-9E21-A77E3E276599}.Debug|Any CPU.ActiveCfg = Debug|Any CPU
		{2BE51443-5F6E-4DC8-9E21-A77E3E276599}.Debug|Any CPU.Build.0 = Debug|Any CPU
		{2BE51443-5F6E-4DC8-9E21-A77E3E276599}.Release|Any CPU.ActiveCfg = Release|Any CPU
		{2BE51443-5F6E-4DC8-9E21-A77E3E276599}.Release|Any CPU.Build.0 = Release|Any CPU
		{FC01078D-2F7A-4962-973D-06D8DD4A8D42}.Debug|Any CPU.ActiveCfg = Debug|Any CPU
		{FC01078D-2F7A-4962-973D-06D8DD4A8D42}.Debug|Any CPU.Build.0 = Debug|Any CPU
		{FC01078D-2F7A-4962-973D-06D8DD4A8D42}.Release|Any CPU.ActiveCfg = Release|Any CPU
		{FC01078D-2F7A-4962-973D-06D8DD4A8D42}.Release|Any CPU.Build.0 = Release|Any CPU
		{575695BA-F751-472E-82AC-FDEF66BAD441}.Debug|Any CPU.ActiveCfg = Debug|Any CPU
		{575695BA-F751-472E-82AC-FDEF66BAD441}.Debug|Any CPU.Build.0 = Debug|Any CPU
		{575695BA-F751-472E-82AC-FDEF66BAD441}.Release|Any CPU.ActiveCfg = Release|Any CPU
		{575695BA-F751-472E-82AC-FDEF66BAD441}.Release|Any CPU.Build.0 = Release|Any CPU
		{4370EF7E-DB85-4933-BF00-F023BD4E978C}.Debug|Any CPU.ActiveCfg = Debug|Any CPU
		{4370EF7E-DB85-4933-BF00-F023BD4E978C}.Debug|Any CPU.Build.0 = Debug|Any CPU
		{4370EF7E-DB85-4933-BF00-F023BD4E978C}.Release|Any CPU.ActiveCfg = Release|Any CPU
		{4370EF7E-DB85-4933-BF00-F023BD4E978C}.Release|Any CPU.Build.0 = Release|Any CPU
	EndGlobalSection
	GlobalSection(SolutionProperties) = preSolution
		HideSolutionNode = FALSE
	EndGlobalSection
	GlobalSection(ExtensibilityGlobals) = postSolution
		SolutionGuid = {EF30C8DB-3841-492B-ADAA-5C8E9A6F5F7B}
	EndGlobalSection
EndGlobal
